// !$*UTF8*$!
{
	archiveVersion = 1;
	classes = {
	};
	objectVersion = 50;
	objects = {

/* Begin PBXBuildFile section */
		6A583532266DDF290009B467 /* CardTableViewCell.swift in Sources */ = {isa = PBXBuildFile; fileRef = 6A583530266DDF290009B467 /* CardTableViewCell.swift */; };
		6A583533266DDF290009B467 /* CardTableViewCell.xib in Resources */ = {isa = PBXBuildFile; fileRef = 6A583531266DDF290009B467 /* CardTableViewCell.xib */; };
		6A583537266DEFF90009B467 /* Networking.swift in Sources */ = {isa = PBXBuildFile; fileRef = 6A583536266DEFF90009B467 /* Networking.swift */; };
		6A58353A266DF0200009B467 /* APIModel.swift in Sources */ = {isa = PBXBuildFile; fileRef = 6A583539266DF0200009B467 /* APIModel.swift */; };
		7A831AC7266D1D080086C60B /* TableViewController.swift in Sources */ = {isa = PBXBuildFile; fileRef = 7A831AC6266D1D080086C60B /* TableViewController.swift */; };
		7AD69171266D142C00FAEAB1 /* AppDelegate.swift in Sources */ = {isa = PBXBuildFile; fileRef = 7AD69170266D142C00FAEAB1 /* AppDelegate.swift */; };
		7AD69173266D142C00FAEAB1 /* SceneDelegate.swift in Sources */ = {isa = PBXBuildFile; fileRef = 7AD69172266D142C00FAEAB1 /* SceneDelegate.swift */; };
		7AD69175266D142C00FAEAB1 /* ViewController.swift in Sources */ = {isa = PBXBuildFile; fileRef = 7AD69174266D142C00FAEAB1 /* ViewController.swift */; };
		7AD69178266D142C00FAEAB1 /* Main.storyboard in Resources */ = {isa = PBXBuildFile; fileRef = 7AD69176266D142C00FAEAB1 /* Main.storyboard */; };
		7AD6917A266D142D00FAEAB1 /* Assets.xcassets in Resources */ = {isa = PBXBuildFile; fileRef = 7AD69179266D142D00FAEAB1 /* Assets.xcassets */; };
		7AD6917D266D142D00FAEAB1 /* LaunchScreen.storyboard in Resources */ = {isa = PBXBuildFile; fileRef = 7AD6917B266D142D00FAEAB1 /* LaunchScreen.storyboard */; };
		7AD69188266D142E00FAEAB1 /* MyRecipeFinderTests.swift in Sources */ = {isa = PBXBuildFile; fileRef = 7AD69187266D142E00FAEAB1 /* MyRecipeFinderTests.swift */; };
		7AD69193266D142E00FAEAB1 /* MyRecipeFinderUITests.swift in Sources */ = {isa = PBXBuildFile; fileRef = 7AD69192266D142E00FAEAB1 /* MyRecipeFinderUITests.swift */; };
/* End PBXBuildFile section */

/* Begin PBXContainerItemProxy section */
		7AD69184266D142E00FAEAB1 /* PBXContainerItemProxy */ = {
			isa = PBXContainerItemProxy;
			containerPortal = 7AD69165266D142C00FAEAB1 /* Project object */;
			proxyType = 1;
			remoteGlobalIDString = 7AD6916C266D142C00FAEAB1;
			remoteInfo = MyRecipeFinder;
		};
		7AD6918F266D142E00FAEAB1 /* PBXContainerItemProxy */ = {
			isa = PBXContainerItemProxy;
			containerPortal = 7AD69165266D142C00FAEAB1 /* Project object */;
			proxyType = 1;
			remoteGlobalIDString = 7AD6916C266D142C00FAEAB1;
			remoteInfo = MyRecipeFinder;
		};
/* End PBXContainerItemProxy section */

/* Begin PBXFileReference section */
		6A583530266DDF290009B467 /* CardTableViewCell.swift */ = {isa = PBXFileReference; lastKnownFileType = sourcecode.swift; path = CardTableViewCell.swift; sourceTree = "<group>"; };
		6A583531266DDF290009B467 /* CardTableViewCell.xib */ = {isa = PBXFileReference; lastKnownFileType = file.xib; path = CardTableViewCell.xib; sourceTree = "<group>"; };
		6A583536266DEFF90009B467 /* Networking.swift */ = {isa = PBXFileReference; lastKnownFileType = sourcecode.swift; path = Networking.swift; sourceTree = "<group>"; };
		6A583539266DF0200009B467 /* APIModel.swift */ = {isa = PBXFileReference; lastKnownFileType = sourcecode.swift; path = APIModel.swift; sourceTree = "<group>"; };
		7A831AC6266D1D080086C60B /* TableViewController.swift */ = {isa = PBXFileReference; lastKnownFileType = sourcecode.swift; path = TableViewController.swift; sourceTree = "<group>"; };
		7AD6916D266D142C00FAEAB1 /* MyRecipeFinder.app */ = {isa = PBXFileReference; explicitFileType = wrapper.application; includeInIndex = 0; path = MyRecipeFinder.app; sourceTree = BUILT_PRODUCTS_DIR; };
		7AD69170266D142C00FAEAB1 /* AppDelegate.swift */ = {isa = PBXFileReference; lastKnownFileType = sourcecode.swift; path = AppDelegate.swift; sourceTree = "<group>"; };
		7AD69172266D142C00FAEAB1 /* SceneDelegate.swift */ = {isa = PBXFileReference; lastKnownFileType = sourcecode.swift; path = SceneDelegate.swift; sourceTree = "<group>"; };
		7AD69174266D142C00FAEAB1 /* ViewController.swift */ = {isa = PBXFileReference; lastKnownFileType = sourcecode.swift; path = ViewController.swift; sourceTree = "<group>"; };
		7AD69177266D142C00FAEAB1 /* Base */ = {isa = PBXFileReference; lastKnownFileType = file.storyboard; name = Base; path = Base.lproj/Main.storyboard; sourceTree = "<group>"; };
		7AD69179266D142D00FAEAB1 /* Assets.xcassets */ = {isa = PBXFileReference; lastKnownFileType = folder.assetcatalog; path = Assets.xcassets; sourceTree = "<group>"; };
		7AD6917C266D142D00FAEAB1 /* Base */ = {isa = PBXFileReference; lastKnownFileType = file.storyboard; name = Base; path = Base.lproj/LaunchScreen.storyboard; sourceTree = "<group>"; };
		7AD6917E266D142D00FAEAB1 /* Info.plist */ = {isa = PBXFileReference; lastKnownFileType = text.plist.xml; path = Info.plist; sourceTree = "<group>"; };
		7AD69183266D142E00FAEAB1 /* MyRecipeFinderTests.xctest */ = {isa = PBXFileReference; explicitFileType = wrapper.cfbundle; includeInIndex = 0; path = MyRecipeFinderTests.xctest; sourceTree = BUILT_PRODUCTS_DIR; };
		7AD69187266D142E00FAEAB1 /* MyRecipeFinderTests.swift */ = {isa = PBXFileReference; lastKnownFileType = sourcecode.swift; path = MyRecipeFinderTests.swift; sourceTree = "<group>"; };
		7AD69189266D142E00FAEAB1 /* Info.plist */ = {isa = PBXFileReference; lastKnownFileType = text.plist.xml; path = Info.plist; sourceTree = "<group>"; };
		7AD6918E266D142E00FAEAB1 /* MyRecipeFinderUITests.xctest */ = {isa = PBXFileReference; explicitFileType = wrapper.cfbundle; includeInIndex = 0; path = MyRecipeFinderUITests.xctest; sourceTree = BUILT_PRODUCTS_DIR; };
		7AD69192266D142E00FAEAB1 /* MyRecipeFinderUITests.swift */ = {isa = PBXFileReference; lastKnownFileType = sourcecode.swift; path = MyRecipeFinderUITests.swift; sourceTree = "<group>"; };
		7AD69194266D142E00FAEAB1 /* Info.plist */ = {isa = PBXFileReference; lastKnownFileType = text.plist.xml; path = Info.plist; sourceTree = "<group>"; };
/* End PBXFileReference section */

/* Begin PBXFrameworksBuildPhase section */
		7AD6916A266D142C00FAEAB1 /* Frameworks */ = {
			isa = PBXFrameworksBuildPhase;
			buildActionMask = 2147483647;
			files = (
			);
			runOnlyForDeploymentPostprocessing = 0;
		};
		7AD69180266D142E00FAEAB1 /* Frameworks */ = {
			isa = PBXFrameworksBuildPhase;
			buildActionMask = 2147483647;
			files = (
			);
			runOnlyForDeploymentPostprocessing = 0;
		};
		7AD6918B266D142E00FAEAB1 /* Frameworks */ = {
			isa = PBXFrameworksBuildPhase;
			buildActionMask = 2147483647;
			files = (
			);
			runOnlyForDeploymentPostprocessing = 0;
		};
/* End PBXFrameworksBuildPhase section */

/* Begin PBXGroup section */
		6A58352E266DDEE60009B467 /* View */ = {
			isa = PBXGroup;
			children = (
				6A58352F266DDEF60009B467 /* Table View Cell */,
				7AD69176266D142C00FAEAB1 /* Main.storyboard */,
			);
			path = View;
			sourceTree = "<group>";
		};
		6A58352F266DDEF60009B467 /* Table View Cell */ = {
			isa = PBXGroup;
			children = (
				6A583530266DDF290009B467 /* CardTableViewCell.swift */,
				6A583531266DDF290009B467 /* CardTableViewCell.xib */,
			);
			name = "Table View Cell";
			sourceTree = "<group>";
		};
		6A583534266DE2580009B467 /* Controller */ = {
			isa = PBXGroup;
			children = (
				7AD69174266D142C00FAEAB1 /* ViewController.swift */,
			);
			path = Controller;
			sourceTree = "<group>";
		};
		6A583535266DEFD60009B467 /* Resources */ = {
			isa = PBXGroup;
			children = (
				6A583536266DEFF90009B467 /* Networking.swift */,
			);
			path = Resources;
			sourceTree = "<group>";
		};
		6A583538266DF00F0009B467 /* Model */ = {
			isa = PBXGroup;
			children = (
				6A583539266DF0200009B467 /* APIModel.swift */,
			);
			path = Model;
			sourceTree = "<group>";
		};
		7AD69164266D142C00FAEAB1 = {
			isa = PBXGroup;
			children = (
				7AD6916F266D142C00FAEAB1 /* MyRecipeFinder */,
				7AD69186266D142E00FAEAB1 /* MyRecipeFinderTests */,
				7AD69191266D142E00FAEAB1 /* MyRecipeFinderUITests */,
				7AD6916E266D142C00FAEAB1 /* Products */,
			);
			sourceTree = "<group>";
		};
		7AD6916E266D142C00FAEAB1 /* Products */ = {
			isa = PBXGroup;
			children = (
				7AD6916D266D142C00FAEAB1 /* MyRecipeFinder.app */,
				7AD69183266D142E00FAEAB1 /* MyRecipeFinderTests.xctest */,
				7AD6918E266D142E00FAEAB1 /* MyRecipeFinderUITests.xctest */,
			);
			name = Products;
			sourceTree = "<group>";
		};
		7AD6916F266D142C00FAEAB1 /* MyRecipeFinder */ = {
			isa = PBXGroup;
			children = (
				7AD69170266D142C00FAEAB1 /* AppDelegate.swift */,
				7AD69172266D142C00FAEAB1 /* SceneDelegate.swift */,
				6A583535266DEFD60009B467 /* Resources */,
				6A583538266DF00F0009B467 /* Model */,
				6A583534266DE2580009B467 /* Controller */,
				6A58352E266DDEE60009B467 /* View */,
				7A831AC6266D1D080086C60B /* TableViewController.swift */,
				7AD69179266D142D00FAEAB1 /* Assets.xcassets */,
				7AD6917B266D142D00FAEAB1 /* LaunchScreen.storyboard */,
				7AD6917E266D142D00FAEAB1 /* Info.plist */,
			);
			path = MyRecipeFinder;
			sourceTree = "<group>";
		};
		7AD69186266D142E00FAEAB1 /* MyRecipeFinderTests */ = {
			isa = PBXGroup;
			children = (
				7AD69187266D142E00FAEAB1 /* MyRecipeFinderTests.swift */,
				7AD69189266D142E00FAEAB1 /* Info.plist */,
			);
			path = MyRecipeFinderTests;
			sourceTree = "<group>";
		};
		7AD69191266D142E00FAEAB1 /* MyRecipeFinderUITests */ = {
			isa = PBXGroup;
			children = (
				7AD69192266D142E00FAEAB1 /* MyRecipeFinderUITests.swift */,
				7AD69194266D142E00FAEAB1 /* Info.plist */,
			);
			path = MyRecipeFinderUITests;
			sourceTree = "<group>";
		};
/* End PBXGroup section */

/* Begin PBXNativeTarget section */
		7AD6916C266D142C00FAEAB1 /* MyRecipeFinder */ = {
			isa = PBXNativeTarget;
			buildConfigurationList = 7AD69197266D142E00FAEAB1 /* Build configuration list for PBXNativeTarget "MyRecipeFinder" */;
			buildPhases = (
				7AD69169266D142C00FAEAB1 /* Sources */,
				7AD6916A266D142C00FAEAB1 /* Frameworks */,
				7AD6916B266D142C00FAEAB1 /* Resources */,
			);
			buildRules = (
			);
			dependencies = (
			);
			name = MyRecipeFinder;
			productName = MyRecipeFinder;
			productReference = 7AD6916D266D142C00FAEAB1 /* MyRecipeFinder.app */;
			productType = "com.apple.product-type.application";
		};
		7AD69182266D142E00FAEAB1 /* MyRecipeFinderTests */ = {
			isa = PBXNativeTarget;
			buildConfigurationList = 7AD6919A266D142E00FAEAB1 /* Build configuration list for PBXNativeTarget "MyRecipeFinderTests" */;
			buildPhases = (
				7AD6917F266D142E00FAEAB1 /* Sources */,
				7AD69180266D142E00FAEAB1 /* Frameworks */,
				7AD69181266D142E00FAEAB1 /* Resources */,
			);
			buildRules = (
			);
			dependencies = (
				7AD69185266D142E00FAEAB1 /* PBXTargetDependency */,
			);
			name = MyRecipeFinderTests;
			productName = MyRecipeFinderTests;
			productReference = 7AD69183266D142E00FAEAB1 /* MyRecipeFinderTests.xctest */;
			productType = "com.apple.product-type.bundle.unit-test";
		};
		7AD6918D266D142E00FAEAB1 /* MyRecipeFinderUITests */ = {
			isa = PBXNativeTarget;
			buildConfigurationList = 7AD6919D266D142E00FAEAB1 /* Build configuration list for PBXNativeTarget "MyRecipeFinderUITests" */;
			buildPhases = (
				7AD6918A266D142E00FAEAB1 /* Sources */,
				7AD6918B266D142E00FAEAB1 /* Frameworks */,
				7AD6918C266D142E00FAEAB1 /* Resources */,
			);
			buildRules = (
			);
			dependencies = (
				7AD69190266D142E00FAEAB1 /* PBXTargetDependency */,
			);
			name = MyRecipeFinderUITests;
			productName = MyRecipeFinderUITests;
			productReference = 7AD6918E266D142E00FAEAB1 /* MyRecipeFinderUITests.xctest */;
			productType = "com.apple.product-type.bundle.ui-testing";
		};
/* End PBXNativeTarget section */

/* Begin PBXProject section */
		7AD69165266D142C00FAEAB1 /* Project object */ = {
			isa = PBXProject;
			attributes = {
				LastSwiftUpdateCheck = 1250;
				LastUpgradeCheck = 1250;
				TargetAttributes = {
					7AD6916C266D142C00FAEAB1 = {
						CreatedOnToolsVersion = 12.5;
					};
					7AD69182266D142E00FAEAB1 = {
						CreatedOnToolsVersion = 12.5;
						TestTargetID = 7AD6916C266D142C00FAEAB1;
					};
					7AD6918D266D142E00FAEAB1 = {
						CreatedOnToolsVersion = 12.5;
						TestTargetID = 7AD6916C266D142C00FAEAB1;
					};
				};
			};
			buildConfigurationList = 7AD69168266D142C00FAEAB1 /* Build configuration list for PBXProject "MyRecipeFinder" */;
			compatibilityVersion = "Xcode 9.3";
			developmentRegion = en;
			hasScannedForEncodings = 0;
			knownRegions = (
				en,
				Base,
			);
			mainGroup = 7AD69164266D142C00FAEAB1;
			productRefGroup = 7AD6916E266D142C00FAEAB1 /* Products */;
			projectDirPath = "";
			projectRoot = "";
			targets = (
				7AD6916C266D142C00FAEAB1 /* MyRecipeFinder */,
				7AD69182266D142E00FAEAB1 /* MyRecipeFinderTests */,
				7AD6918D266D142E00FAEAB1 /* MyRecipeFinderUITests */,
			);
		};
/* End PBXProject section */

/* Begin PBXResourcesBuildPhase section */
		7AD6916B266D142C00FAEAB1 /* Resources */ = {
			isa = PBXResourcesBuildPhase;
			buildActionMask = 2147483647;
			files = (
				7AD6917D266D142D00FAEAB1 /* LaunchScreen.storyboard in Resources */,
				7AD6917A266D142D00FAEAB1 /* Assets.xcassets in Resources */,
				7AD69178266D142C00FAEAB1 /* Main.storyboard in Resources */,
				6A583533266DDF290009B467 /* CardTableViewCell.xib in Resources */,
			);
			runOnlyForDeploymentPostprocessing = 0;
		};
		7AD69181266D142E00FAEAB1 /* Resources */ = {
			isa = PBXResourcesBuildPhase;
			buildActionMask = 2147483647;
			files = (
			);
			runOnlyForDeploymentPostprocessing = 0;
		};
		7AD6918C266D142E00FAEAB1 /* Resources */ = {
			isa = PBXResourcesBuildPhase;
			buildActionMask = 2147483647;
			files = (
			);
			runOnlyForDeploymentPostprocessing = 0;
		};
/* End PBXResourcesBuildPhase section */

/* Begin PBXSourcesBuildPhase section */
		7AD69169266D142C00FAEAB1 /* Sources */ = {
			isa = PBXSourcesBuildPhase;
			buildActionMask = 2147483647;
			files = (
				6A58353A266DF0200009B467 /* APIModel.swift in Sources */,
				6A583532266DDF290009B467 /* CardTableViewCell.swift in Sources */,
				7AD69175266D142C00FAEAB1 /* ViewController.swift in Sources */,
				7AD69171266D142C00FAEAB1 /* AppDelegate.swift in Sources */,
				6A583537266DEFF90009B467 /* Networking.swift in Sources */,
				7AD69173266D142C00FAEAB1 /* SceneDelegate.swift in Sources */,
				7A831AC7266D1D080086C60B /* TableViewController.swift in Sources */,
			);
			runOnlyForDeploymentPostprocessing = 0;
		};
		7AD6917F266D142E00FAEAB1 /* Sources */ = {
			isa = PBXSourcesBuildPhase;
			buildActionMask = 2147483647;
			files = (
				7AD69188266D142E00FAEAB1 /* MyRecipeFinderTests.swift in Sources */,
			);
			runOnlyForDeploymentPostprocessing = 0;
		};
		7AD6918A266D142E00FAEAB1 /* Sources */ = {
			isa = PBXSourcesBuildPhase;
			buildActionMask = 2147483647;
			files = (
				7AD69193266D142E00FAEAB1 /* MyRecipeFinderUITests.swift in Sources */,
			);
			runOnlyForDeploymentPostprocessing = 0;
		};
/* End PBXSourcesBuildPhase section */

/* Begin PBXTargetDependency section */
		7AD69185266D142E00FAEAB1 /* PBXTargetDependency */ = {
			isa = PBXTargetDependency;
			target = 7AD6916C266D142C00FAEAB1 /* MyRecipeFinder */;
			targetProxy = 7AD69184266D142E00FAEAB1 /* PBXContainerItemProxy */;
		};
		7AD69190266D142E00FAEAB1 /* PBXTargetDependency */ = {
			isa = PBXTargetDependency;
			target = 7AD6916C266D142C00FAEAB1 /* MyRecipeFinder */;
			targetProxy = 7AD6918F266D142E00FAEAB1 /* PBXContainerItemProxy */;
		};
/* End PBXTargetDependency section */

/* Begin PBXVariantGroup section */
		7AD69176266D142C00FAEAB1 /* Main.storyboard */ = {
			isa = PBXVariantGroup;
			children = (
				7AD69177266D142C00FAEAB1 /* Base */,
			);
			name = Main.storyboard;
			sourceTree = "<group>";
		};
		7AD6917B266D142D00FAEAB1 /* LaunchScreen.storyboard */ = {
			isa = PBXVariantGroup;
			children = (
				7AD6917C266D142D00FAEAB1 /* Base */,
			);
			name = LaunchScreen.storyboard;
			sourceTree = "<group>";
		};
/* End PBXVariantGroup section */

/* Begin XCBuildConfiguration section */
		7AD69195266D142E00FAEAB1 /* Debug */ = {
			isa = XCBuildConfiguration;
			buildSettings = {
				ALWAYS_SEARCH_USER_PATHS = NO;
				CLANG_ANALYZER_NONNULL = YES;
				CLANG_ANALYZER_NUMBER_OBJECT_CONVERSION = YES_AGGRESSIVE;
				CLANG_CXX_LANGUAGE_STANDARD = "gnu++14";
				CLANG_CXX_LIBRARY = "libc++";
				CLANG_ENABLE_MODULES = YES;
				CLANG_ENABLE_OBJC_ARC = YES;
				CLANG_ENABLE_OBJC_WEAK = YES;
				CLANG_WARN_BLOCK_CAPTURE_AUTORELEASING = YES;
				CLANG_WARN_BOOL_CONVERSION = YES;
				CLANG_WARN_COMMA = YES;
				CLANG_WARN_CONSTANT_CONVERSION = YES;
				CLANG_WARN_DEPRECATED_OBJC_IMPLEMENTATIONS = YES;
				CLANG_WARN_DIRECT_OBJC_ISA_USAGE = YES_ERROR;
				CLANG_WARN_DOCUMENTATION_COMMENTS = YES;
				CLANG_WARN_EMPTY_BODY = YES;
				CLANG_WARN_ENUM_CONVERSION = YES;
				CLANG_WARN_INFINITE_RECURSION = YES;
				CLANG_WARN_INT_CONVERSION = YES;
				CLANG_WARN_NON_LITERAL_NULL_CONVERSION = YES;
				CLANG_WARN_OBJC_IMPLICIT_RETAIN_SELF = YES;
				CLANG_WARN_OBJC_LITERAL_CONVERSION = YES;
				CLANG_WARN_OBJC_ROOT_CLASS = YES_ERROR;
				CLANG_WARN_QUOTED_INCLUDE_IN_FRAMEWORK_HEADER = YES;
				CLANG_WARN_RANGE_LOOP_ANALYSIS = YES;
				CLANG_WARN_STRICT_PROTOTYPES = YES;
				CLANG_WARN_SUSPICIOUS_MOVE = YES;
				CLANG_WARN_UNGUARDED_AVAILABILITY = YES_AGGRESSIVE;
				CLANG_WARN_UNREACHABLE_CODE = YES;
				CLANG_WARN__DUPLICATE_METHOD_MATCH = YES;
				COPY_PHASE_STRIP = NO;
				DEBUG_INFORMATION_FORMAT = dwarf;
				ENABLE_STRICT_OBJC_MSGSEND = YES;
				ENABLE_TESTABILITY = YES;
				GCC_C_LANGUAGE_STANDARD = gnu11;
				GCC_DYNAMIC_NO_PIC = NO;
				GCC_NO_COMMON_BLOCKS = YES;
				GCC_OPTIMIZATION_LEVEL = 0;
				GCC_PREPROCESSOR_DEFINITIONS = (
					"DEBUG=1",
					"$(inherited)",
				);
				GCC_WARN_64_TO_32_BIT_CONVERSION = YES;
				GCC_WARN_ABOUT_RETURN_TYPE = YES_ERROR;
				GCC_WARN_UNDECLARED_SELECTOR = YES;
				GCC_WARN_UNINITIALIZED_AUTOS = YES_AGGRESSIVE;
				GCC_WARN_UNUSED_FUNCTION = YES;
				GCC_WARN_UNUSED_VARIABLE = YES;
				IPHONEOS_DEPLOYMENT_TARGET = 14.5;
				MTL_ENABLE_DEBUG_INFO = INCLUDE_SOURCE;
				MTL_FAST_MATH = YES;
				ONLY_ACTIVE_ARCH = YES;
				SDKROOT = iphoneos;
				SWIFT_ACTIVE_COMPILATION_CONDITIONS = DEBUG;
				SWIFT_OPTIMIZATION_LEVEL = "-Onone";
			};
			name = Debug;
		};
		7AD69196266D142E00FAEAB1 /* Release */ = {
			isa = XCBuildConfiguration;
			buildSettings = {
				ALWAYS_SEARCH_USER_PATHS = NO;
				CLANG_ANALYZER_NONNULL = YES;
				CLANG_ANALYZER_NUMBER_OBJECT_CONVERSION = YES_AGGRESSIVE;
				CLANG_CXX_LANGUAGE_STANDARD = "gnu++14";
				CLANG_CXX_LIBRARY = "libc++";
				CLANG_ENABLE_MODULES = YES;
				CLANG_ENABLE_OBJC_ARC = YES;
				CLANG_ENABLE_OBJC_WEAK = YES;
				CLANG_WARN_BLOCK_CAPTURE_AUTORELEASING = YES;
				CLANG_WARN_BOOL_CONVERSION = YES;
				CLANG_WARN_COMMA = YES;
				CLANG_WARN_CONSTANT_CONVERSION = YES;
				CLANG_WARN_DEPRECATED_OBJC_IMPLEMENTATIONS = YES;
				CLANG_WARN_DIRECT_OBJC_ISA_USAGE = YES_ERROR;
				CLANG_WARN_DOCUMENTATION_COMMENTS = YES;
				CLANG_WARN_EMPTY_BODY = YES;
				CLANG_WARN_ENUM_CONVERSION = YES;
				CLANG_WARN_INFINITE_RECURSION = YES;
				CLANG_WARN_INT_CONVERSION = YES;
				CLANG_WARN_NON_LITERAL_NULL_CONVERSION = YES;
				CLANG_WARN_OBJC_IMPLICIT_RETAIN_SELF = YES;
				CLANG_WARN_OBJC_LITERAL_CONVERSION = YES;
				CLANG_WARN_OBJC_ROOT_CLASS = YES_ERROR;
				CLANG_WARN_QUOTED_INCLUDE_IN_FRAMEWORK_HEADER = YES;
				CLANG_WARN_RANGE_LOOP_ANALYSIS = YES;
				CLANG_WARN_STRICT_PROTOTYPES = YES;
				CLANG_WARN_SUSPICIOUS_MOVE = YES;
				CLANG_WARN_UNGUARDED_AVAILABILITY = YES_AGGRESSIVE;
				CLANG_WARN_UNREACHABLE_CODE = YES;
				CLANG_WARN__DUPLICATE_METHOD_MATCH = YES;
				COPY_PHASE_STRIP = NO;
				DEBUG_INFORMATION_FORMAT = "dwarf-with-dsym";
				ENABLE_NS_ASSERTIONS = NO;
				ENABLE_STRICT_OBJC_MSGSEND = YES;
				GCC_C_LANGUAGE_STANDARD = gnu11;
				GCC_NO_COMMON_BLOCKS = YES;
				GCC_WARN_64_TO_32_BIT_CONVERSION = YES;
				GCC_WARN_ABOUT_RETURN_TYPE = YES_ERROR;
				GCC_WARN_UNDECLARED_SELECTOR = YES;
				GCC_WARN_UNINITIALIZED_AUTOS = YES_AGGRESSIVE;
				GCC_WARN_UNUSED_FUNCTION = YES;
				GCC_WARN_UNUSED_VARIABLE = YES;
				IPHONEOS_DEPLOYMENT_TARGET = 14.5;
				MTL_ENABLE_DEBUG_INFO = NO;
				MTL_FAST_MATH = YES;
				SDKROOT = iphoneos;
				SWIFT_COMPILATION_MODE = wholemodule;
				SWIFT_OPTIMIZATION_LEVEL = "-O";
				VALIDATE_PRODUCT = YES;
			};
			name = Release;
		};
		7AD69198266D142E00FAEAB1 /* Debug */ = {
			isa = XCBuildConfiguration;
			buildSettings = {
				ASSETCATALOG_COMPILER_APPICON_NAME = AppIcon;
				ASSETCATALOG_COMPILER_GLOBAL_ACCENT_COLOR_NAME = AccentColor;
				CODE_SIGN_STYLE = Automatic;
				DEVELOPMENT_TEAM = 497N7524MA;
				INFOPLIST_FILE = MyRecipeFinder/Info.plist;
				LD_RUNPATH_SEARCH_PATHS = (
					"$(inherited)",
					"@executable_path/Frameworks",
				);
				PRODUCT_BUNDLE_IDENTIFIER = com.williamsantoso.MyRecipeFinder;
				PRODUCT_NAME = "$(TARGET_NAME)";
				SWIFT_VERSION = 5.0;
				TARGETED_DEVICE_FAMILY = "1,2";
			};
			name = Debug;
		};
		7AD69199266D142E00FAEAB1 /* Release */ = {
			isa = XCBuildConfiguration;
			buildSettings = {
				ASSETCATALOG_COMPILER_APPICON_NAME = AppIcon;
				ASSETCATALOG_COMPILER_GLOBAL_ACCENT_COLOR_NAME = AccentColor;
				CODE_SIGN_STYLE = Automatic;
				DEVELOPMENT_TEAM = 497N7524MA;
				INFOPLIST_FILE = MyRecipeFinder/Info.plist;
				LD_RUNPATH_SEARCH_PATHS = (
					"$(inherited)",
					"@executable_path/Frameworks",
				);
				PRODUCT_BUNDLE_IDENTIFIER = com.williamsantoso.MyRecipeFinder;
				PRODUCT_NAME = "$(TARGET_NAME)";
				SWIFT_VERSION = 5.0;
				TARGETED_DEVICE_FAMILY = "1,2";
			};
			name = Release;
		};
		7AD6919B266D142E00FAEAB1 /* Debug */ = {
			isa = XCBuildConfiguration;
			buildSettings = {
				ALWAYS_EMBED_SWIFT_STANDARD_LIBRARIES = YES;
				BUNDLE_LOADER = "$(TEST_HOST)";
				CODE_SIGN_STYLE = Automatic;
				DEVELOPMENT_TEAM = 497N7524MA;
				INFOPLIST_FILE = MyRecipeFinderTests/Info.plist;
				IPHONEOS_DEPLOYMENT_TARGET = 14.5;
				LD_RUNPATH_SEARCH_PATHS = (
					"$(inherited)",
					"@executable_path/Frameworks",
					"@loader_path/Frameworks",
				);
				PRODUCT_BUNDLE_IDENTIFIER = com.williamsantoso.MyRecipeFinderTests;
				PRODUCT_NAME = "$(TARGET_NAME)";
				SWIFT_VERSION = 5.0;
				TARGETED_DEVICE_FAMILY = "1,2";
				TEST_HOST = "$(BUILT_PRODUCTS_DIR)/MyRecipeFinder.app/MyRecipeFinder";
			};
			name = Debug;
		};
		7AD6919C266D142E00FAEAB1 /* Release */ = {
			isa = XCBuildConfiguration;
			buildSettings = {
				ALWAYS_EMBED_SWIFT_STANDARD_LIBRARIES = YES;
				BUNDLE_LOADER = "$(TEST_HOST)";
				CODE_SIGN_STYLE = Automatic;
				DEVELOPMENT_TEAM = 497N7524MA;
				INFOPLIST_FILE = MyRecipeFinderTests/Info.plist;
				IPHONEOS_DEPLOYMENT_TARGET = 14.5;
				LD_RUNPATH_SEARCH_PATHS = (
					"$(inherited)",
					"@executable_path/Frameworks",
					"@loader_path/Frameworks",
				);
				PRODUCT_BUNDLE_IDENTIFIER = com.williamsantoso.MyRecipeFinderTests;
				PRODUCT_NAME = "$(TARGET_NAME)";
				SWIFT_VERSION = 5.0;
				TARGETED_DEVICE_FAMILY = "1,2";
				TEST_HOST = "$(BUILT_PRODUCTS_DIR)/MyRecipeFinder.app/MyRecipeFinder";
			};
			name = Release;
		};
		7AD6919E266D142E00FAEAB1 /* Debug */ = {
			isa = XCBuildConfiguration;
			buildSettings = {
				ALWAYS_EMBED_SWIFT_STANDARD_LIBRARIES = YES;
				CODE_SIGN_STYLE = Automatic;
				DEVELOPMENT_TEAM = 497N7524MA;
				INFOPLIST_FILE = MyRecipeFinderUITests/Info.plist;
				LD_RUNPATH_SEARCH_PATHS = (
					"$(inherited)",
					"@executable_path/Frameworks",
					"@loader_path/Frameworks",
				);
				PRODUCT_BUNDLE_IDENTIFIER = com.williamsantoso.MyRecipeFinderUITests;
				PRODUCT_NAME = "$(TARGET_NAME)";
				SWIFT_VERSION = 5.0;
				TARGETED_DEVICE_FAMILY = "1,2";
				TEST_TARGET_NAME = MyRecipeFinder;
			};
			name = Debug;
		};
		7AD6919F266D142E00FAEAB1 /* Release */ = {
			isa = XCBuildConfiguration;
			buildSettings = {
				ALWAYS_EMBED_SWIFT_STANDARD_LIBRARIES = YES;
				CODE_SIGN_STYLE = Automatic;
				DEVELOPMENT_TEAM = 497N7524MA;
				INFOPLIST_FILE = MyRecipeFinderUITests/Info.plist;
				LD_RUNPATH_SEARCH_PATHS = (
					"$(inherited)",
					"@executable_path/Frameworks",
					"@loader_path/Frameworks",
				);
				PRODUCT_BUNDLE_IDENTIFIER = com.williamsantoso.MyRecipeFinderUITests;
				PRODUCT_NAME = "$(TARGET_NAME)";
				SWIFT_VERSION = 5.0;
				TARGETED_DEVICE_FAMILY = "1,2";
				TEST_TARGET_NAME = MyRecipeFinder;
			};
			name = Release;
		};
/* End XCBuildConfiguration section */

/* Begin XCConfigurationList section */
		7AD69168266D142C00FAEAB1 /* Build configuration list for PBXProject "MyRecipeFinder" */ = {
			isa = XCConfigurationList;
			buildConfigurations = (
				7AD69195266D142E00FAEAB1 /* Debug */,
				7AD69196266D142E00FAEAB1 /* Release */,
			);
			defaultConfigurationIsVisible = 0;
			defaultConfigurationName = Release;
		};
		7AD69197266D142E00FAEAB1 /* Build configuration list for PBXNativeTarget "MyRecipeFinder" */ = {
			isa = XCConfigurationList;
			buildConfigurations = (
				7AD69198266D142E00FAEAB1 /* Debug */,
				7AD69199266D142E00FAEAB1 /* Release */,
			);
			defaultConfigurationIsVisible = 0;
			defaultConfigurationName = Release;
		};
		7AD6919A266D142E00FAEAB1 /* Build configuration list for PBXNativeTarget "MyRecipeFinderTests" */ = {
			isa = XCConfigurationList;
			buildConfigurations = (
				7AD6919B266D142E00FAEAB1 /* Debug */,
				7AD6919C266D142E00FAEAB1 /* Release */,
			);
			defaultConfigurationIsVisible = 0;
			defaultConfigurationName = Release;
		};
		7AD6919D266D142E00FAEAB1 /* Build configuration list for PBXNativeTarget "MyRecipeFinderUITests" */ = {
			isa = XCConfigurationList;
			buildConfigurations = (
				7AD6919E266D142E00FAEAB1 /* Debug */,
				7AD6919F266D142E00FAEAB1 /* Release */,
			);
			defaultConfigurationIsVisible = 0;
			defaultConfigurationName = Release;
		};
/* End XCConfigurationList section */
	};
	rootObject = 7AD69165266D142C00FAEAB1 /* Project object */;
}
